
Microsoft Visual Studio Solution File, Format Version 12.00
# Visual Studio 15
VisualStudioVersion = 15.0.27130.0
MinimumVisualStudioVersion = 10.0.40219.1
Project("{FAE04EC0-301F-11D3-BF4B-00C04F79EFBC}") = "Library", "Library\Library.csproj", "{50EEEAF5-0825-4951-A9A2-5F23F0050D0D}"
EndProject
Global
	GlobalSection(SolutionConfigurationPlatforms) = preSolution
		Debug|Any CPU = Debug|Any CPU
		Release|Any CPU = Release|Any CPU
	EndGlobalSection
	GlobalSection(ProjectConfigurationPlatforms) = postSolution
		{50EEEAF5-0825-4951-A9A2-5F23F0050D0D}.Debug|Any CPU.ActiveCfg = Debug|Any CPU
		{50EEEAF5-0825-4951-A9A2-5F23F0050D0D}.Debug|Any CPU.Build.0 = Debug|Any CPU
		{50EEEAF5-0825-4951-A9A2-5F23F0050D0D}.Release|Any CPU.ActiveCfg = Release|Any CPU
		{50EEEAF5-0825-4951-A9A2-5F23F0050D0D}.Release|Any CPU.Build.0 = Release|Any CPU
	EndGlobalSection
	GlobalSection(SolutionProperties) = preSolution
		HideSolutionNode = FALSE
	EndGlobalSection
	GlobalSection(ExtensibilityGlobals) = postSolution
		SolutionGuid = {854C155C-F48D-4246-B5A9-EBE0E547CD13}
	EndGlobalSection
EndGlobal
